
Microsoft Visual Studio Solution File, Format Version 12.00
# Visual Studio 14
VisualStudioVersion = 14.0.24720.0
MinimumVisualStudioVersion = 10.0.40219.1
Project("{2150E333-8FDC-42A3-9474-1A3956D46DE8}") = "Launcher", "Launcher", "{3D969AE9-E8A8-49FC-8F0D-05848A5B0464}"
EndProject
Project("{FAE04EC0-301F-11D3-BF4B-00C04F79EFBC}") = "Client", "Launcher\Client\Client.csproj", "{842546C4-8A37-4D64-9F7F-E19D9992FC38}"
EndProject
Project("{FAE04EC0-301F-11D3-BF4B-00C04F79EFBC}") = "Host", "Launcher\Host\Host.csproj", "{2270F4F1-6B8D-4A11-9DFC-92006C0D6351}"
EndProject
Project("{FAE04EC0-301F-11D3-BF4B-00C04F79EFBC}") = "LauncherLib", "Launcher\LauncherLib\LauncherLib.csproj", "{462C655D-86D0-4D5A-AE3C-CF0505E2C389}"
EndProject
Project("{FAE04EC0-301F-11D3-BF4B-00C04F79EFBC}") = "Utils", "Launcher\Utils\Utils.csproj", "{0E2505FB-2771-4697-99AB-12FA966770C4}"
EndProject
Project("{FAE04EC0-301F-11D3-BF4B-00C04F79EFBC}") = "AutoUpdater", "Launcher\AutoUpdater\AutoUpdater.csproj", "{D6D96860-E339-4E7C-B4D5-CD8C83DAB557}"
EndProject
Project("{2150E333-8FDC-42A3-9474-1A3956D46DE8}") = "MatiGenericProgramming", "MatiGenericProgramming", "{5C6156A6-853D-44AA-A478-062FBF706A12}"
EndProject
Project("{FAE04EC0-301F-11D3-BF4B-00C04F79EFBC}") = "MatiGen", "MatiGen\MatiGen.csproj", "{D6416955-2314-4193-8D7F-8B2DD94B18D6}"
EndProject
Project("{FAE04EC0-301F-11D3-BF4B-00C04F79EFBC}") = "MatiGenTest", "MatiGenTest\MatiGenTest.csproj", "{5BD88F7D-5869-452C-B0CC-4E3CA0C890BD}"
EndProject
Project("{FAE04EC0-301F-11D3-BF4B-00C04F79EFBC}") = "MatiGenConsole", "MatiGenConsole\MatiGenConsole.csproj", "{61ED4DD5-AE80-4B32-9E9D-5253EEF1B6A2}"
EndProject
Project("{FAE04EC0-301F-11D3-BF4B-00C04F79EFBC}") = "BlackJackGenerator", "BlackJackGenerator\BlackJackGenerator.csproj", "{B43DF9E2-4FE7-4483-9534-2E010A6AC9E0}"
EndProject
Project("{FAE04EC0-301F-11D3-BF4B-00C04F79EFBC}") = "MatiGenAPI", "MatiGenAPI\MatiGenAPI.csproj", "{935B1073-FD46-487D-9CA3-76B98AE8C625}"
EndProject
Project("{FAE04EC0-301F-11D3-BF4B-00C04F79EFBC}") = "Game2048", "Game2048\Game2048.csproj", "{C034F1C7-D2B1-4C6F-806A-AEF01E314B29}"
EndProject
Global
	GlobalSection(SolutionConfigurationPlatforms) = preSolution
		Debug|Any CPU = Debug|Any CPU
		Debug|Mixed Platforms = Debug|Mixed Platforms
		Debug|x86 = Debug|x86
		Release|Any CPU = Release|Any CPU
		Release|Mixed Platforms = Release|Mixed Platforms
		Release|x86 = Release|x86
	EndGlobalSection
	GlobalSection(ProjectConfigurationPlatforms) = postSolution
		{842546C4-8A37-4D64-9F7F-E19D9992FC38}.Debug|Any CPU.ActiveCfg = Debug|Any CPU
		{842546C4-8A37-4D64-9F7F-E19D9992FC38}.Debug|Any CPU.Build.0 = Debug|Any CPU
		{842546C4-8A37-4D64-9F7F-E19D9992FC38}.Debug|Mixed Platforms.ActiveCfg = Debug|Any CPU
		{842546C4-8A37-4D64-9F7F-E19D9992FC38}.Debug|Mixed Platforms.Build.0 = Debug|Any CPU
		{842546C4-8A37-4D64-9F7F-E19D9992FC38}.Debug|x86.ActiveCfg = Debug|Any CPU
		{842546C4-8A37-4D64-9F7F-E19D9992FC38}.Debug|x86.Build.0 = Debug|Any CPU
		{842546C4-8A37-4D64-9F7F-E19D9992FC38}.Release|Any CPU.ActiveCfg = Release|Any CPU
		{842546C4-8A37-4D64-9F7F-E19D9992FC38}.Release|Any CPU.Build.0 = Release|Any CPU
		{842546C4-8A37-4D64-9F7F-E19D9992FC38}.Release|Mixed Platforms.ActiveCfg = Release|Any CPU
		{842546C4-8A37-4D64-9F7F-E19D9992FC38}.Release|Mixed Platforms.Build.0 = Release|Any CPU
		{842546C4-8A37-4D64-9F7F-E19D9992FC38}.Release|x86.ActiveCfg = Release|Any CPU
		{842546C4-8A37-4D64-9F7F-E19D9992FC38}.Release|x86.Build.0 = Release|Any CPU
		{2270F4F1-6B8D-4A11-9DFC-92006C0D6351}.Debug|Any CPU.ActiveCfg = Debug|Any CPU
		{2270F4F1-6B8D-4A11-9DFC-92006C0D6351}.Debug|Any CPU.Build.0 = Debug|Any CPU
		{2270F4F1-6B8D-4A11-9DFC-92006C0D6351}.Debug|Mixed Platforms.ActiveCfg = Debug|Any CPU
		{2270F4F1-6B8D-4A11-9DFC-92006C0D6351}.Debug|Mixed Platforms.Build.0 = Debug|Any CPU
		{2270F4F1-6B8D-4A11-9DFC-92006C0D6351}.Debug|x86.ActiveCfg = Debug|Any CPU
		{2270F4F1-6B8D-4A11-9DFC-92006C0D6351}.Debug|x86.Build.0 = Debug|Any CPU
		{2270F4F1-6B8D-4A11-9DFC-92006C0D6351}.Release|Any CPU.ActiveCfg = Release|Any CPU
		{2270F4F1-6B8D-4A11-9DFC-92006C0D6351}.Release|Any CPU.Build.0 = Release|Any CPU
		{2270F4F1-6B8D-4A11-9DFC-92006C0D6351}.Release|Mixed Platforms.ActiveCfg = Release|Any CPU
		{2270F4F1-6B8D-4A11-9DFC-92006C0D6351}.Release|Mixed Platforms.Build.0 = Release|Any CPU
		{2270F4F1-6B8D-4A11-9DFC-92006C0D6351}.Release|x86.ActiveCfg = Release|Any CPU
		{2270F4F1-6B8D-4A11-9DFC-92006C0D6351}.Release|x86.Build.0 = Release|Any CPU
		{462C655D-86D0-4D5A-AE3C-CF0505E2C389}.Debug|Any CPU.ActiveCfg = Debug|Any CPU
		{462C655D-86D0-4D5A-AE3C-CF0505E2C389}.Debug|Any CPU.Build.0 = Debug|Any CPU
		{462C655D-86D0-4D5A-AE3C-CF0505E2C389}.Debug|Mixed Platforms.ActiveCfg = Debug|Any CPU
		{462C655D-86D0-4D5A-AE3C-CF0505E2C389}.Debug|Mixed Platforms.Build.0 = Debug|Any CPU
		{462C655D-86D0-4D5A-AE3C-CF0505E2C389}.Debug|x86.ActiveCfg = Debug|Any CPU
		{462C655D-86D0-4D5A-AE3C-CF0505E2C389}.Debug|x86.Build.0 = Debug|Any CPU
		{462C655D-86D0-4D5A-AE3C-CF0505E2C389}.Release|Any CPU.ActiveCfg = Release|Any CPU
		{462C655D-86D0-4D5A-AE3C-CF0505E2C389}.Release|Any CPU.Build.0 = Release|Any CPU
		{462C655D-86D0-4D5A-AE3C-CF0505E2C389}.Release|Mixed Platforms.ActiveCfg = Release|Any CPU
		{462C655D-86D0-4D5A-AE3C-CF0505E2C389}.Release|Mixed Platforms.Build.0 = Release|Any CPU
		{462C655D-86D0-4D5A-AE3C-CF0505E2C389}.Release|x86.ActiveCfg = Release|Any CPU
		{462C655D-86D0-4D5A-AE3C-CF0505E2C389}.Release|x86.Build.0 = Release|Any CPU
		{0E2505FB-2771-4697-99AB-12FA966770C4}.Debug|Any CPU.ActiveCfg = Debug|Any CPU
		{0E2505FB-2771-4697-99AB-12FA966770C4}.Debug|Any CPU.Build.0 = Debug|Any CPU
		{0E2505FB-2771-4697-99AB-12FA966770C4}.Debug|Mixed Platforms.ActiveCfg = Debug|Any CPU
		{0E2505FB-2771-4697-99AB-12FA966770C4}.Debug|Mixed Platforms.Build.0 = Debug|Any CPU
		{0E2505FB-2771-4697-99AB-12FA966770C4}.Debug|x86.ActiveCfg = Debug|Any CPU
		{0E2505FB-2771-4697-99AB-12FA966770C4}.Debug|x86.Build.0 = Debug|Any CPU
		{0E2505FB-2771-4697-99AB-12FA966770C4}.Release|Any CPU.ActiveCfg = Release|Any CPU
		{0E2505FB-2771-4697-99AB-12FA966770C4}.Release|Any CPU.Build.0 = Release|Any CPU
		{0E2505FB-2771-4697-99AB-12FA966770C4}.Release|Mixed Platforms.ActiveCfg = Release|Any CPU
		{0E2505FB-2771-4697-99AB-12FA966770C4}.Release|Mixed Platforms.Build.0 = Release|Any CPU
		{0E2505FB-2771-4697-99AB-12FA966770C4}.Release|x86.ActiveCfg = Release|Any CPU
		{0E2505FB-2771-4697-99AB-12FA966770C4}.Release|x86.Build.0 = Release|Any CPU
		{D6D96860-E339-4E7C-B4D5-CD8C83DAB557}.Debug|Any CPU.ActiveCfg = Debug|Any CPU
		{D6D96860-E339-4E7C-B4D5-CD8C83DAB557}.Debug|Any CPU.Build.0 = Debug|Any CPU
		{D6D96860-E339-4E7C-B4D5-CD8C83DAB557}.Debug|Mixed Platforms.ActiveCfg = Debug|Any CPU
		{D6D96860-E339-4E7C-B4D5-CD8C83DAB557}.Debug|Mixed Platforms.Build.0 = Debug|Any CPU
		{D6D96860-E339-4E7C-B4D5-CD8C83DAB557}.Debug|x86.ActiveCfg = Debug|Any CPU
		{D6D96860-E339-4E7C-B4D5-CD8C83DAB557}.Debug|x86.Build.0 = Debug|Any CPU
		{D6D96860-E339-4E7C-B4D5-CD8C83DAB557}.Release|Any CPU.ActiveCfg = Release|Any CPU
		{D6D96860-E339-4E7C-B4D5-CD8C83DAB557}.Release|Any CPU.Build.0 = Release|Any CPU
		{D6D96860-E339-4E7C-B4D5-CD8C83DAB557}.Release|Mixed Platforms.ActiveCfg = Release|Any CPU
		{D6D96860-E339-4E7C-B4D5-CD8C83DAB557}.Release|Mixed Platforms.Build.0 = Release|Any CPU
		{D6D96860-E339-4E7C-B4D5-CD8C83DAB557}.Release|x86.ActiveCfg = Release|Any CPU
		{D6D96860-E339-4E7C-B4D5-CD8C83DAB557}.Release|x86.Build.0 = Release|Any CPU
		{D6416955-2314-4193-8D7F-8B2DD94B18D6}.Debug|Any CPU.ActiveCfg = Debug|Any CPU
		{D6416955-2314-4193-8D7F-8B2DD94B18D6}.Debug|Any CPU.Build.0 = Debug|Any CPU
		{D6416955-2314-4193-8D7F-8B2DD94B18D6}.Debug|Mixed Platforms.ActiveCfg = Debug|Any CPU
		{D6416955-2314-4193-8D7F-8B2DD94B18D6}.Debug|Mixed Platforms.Build.0 = Debug|Any CPU
		{D6416955-2314-4193-8D7F-8B2DD94B18D6}.Debug|x86.ActiveCfg = Debug|Any CPU
		{D6416955-2314-4193-8D7F-8B2DD94B18D6}.Release|Any CPU.ActiveCfg = Release|Any CPU
		{D6416955-2314-4193-8D7F-8B2DD94B18D6}.Release|Any CPU.Build.0 = Release|Any CPU
		{D6416955-2314-4193-8D7F-8B2DD94B18D6}.Release|Mixed Platforms.ActiveCfg = Release|Any CPU
		{D6416955-2314-4193-8D7F-8B2DD94B18D6}.Release|Mixed Platforms.Build.0 = Release|Any CPU
		{D6416955-2314-4193-8D7F-8B2DD94B18D6}.Release|x86.ActiveCfg = Release|Any CPU
		{5BD88F7D-5869-452C-B0CC-4E3CA0C890BD}.Debug|Any CPU.ActiveCfg = Debug|Any CPU
		{5BD88F7D-5869-452C-B0CC-4E3CA0C890BD}.Debug|Any CPU.Build.0 = Debug|Any CPU
		{5BD88F7D-5869-452C-B0CC-4E3CA0C890BD}.Debug|Mixed Platforms.ActiveCfg = Debug|Any CPU
		{5BD88F7D-5869-452C-B0CC-4E3CA0C890BD}.Debug|Mixed Platforms.Build.0 = Debug|Any CPU
		{5BD88F7D-5869-452C-B0CC-4E3CA0C890BD}.Debug|x86.ActiveCfg = Debug|Any CPU
		{5BD88F7D-5869-452C-B0CC-4E3CA0C890BD}.Release|Any CPU.ActiveCfg = Release|Any CPU
		{5BD88F7D-5869-452C-B0CC-4E3CA0C890BD}.Release|Any CPU.Build.0 = Release|Any CPU
		{5BD88F7D-5869-452C-B0CC-4E3CA0C890BD}.Release|Mixed Platforms.ActiveCfg = Release|Any CPU
		{5BD88F7D-5869-452C-B0CC-4E3CA0C890BD}.Release|Mixed Platforms.Build.0 = Release|Any CPU
		{5BD88F7D-5869-452C-B0CC-4E3CA0C890BD}.Release|x86.ActiveCfg = Release|Any CPU
		{61ED4DD5-AE80-4B32-9E9D-5253EEF1B6A2}.Debug|Any CPU.ActiveCfg = Debug|Any CPU
		{61ED4DD5-AE80-4B32-9E9D-5253EEF1B6A2}.Debug|Any CPU.Build.0 = Debug|Any CPU
		{61ED4DD5-AE80-4B32-9E9D-5253EEF1B6A2}.Debug|Mixed Platforms.ActiveCfg = Debug|Any CPU
		{61ED4DD5-AE80-4B32-9E9D-5253EEF1B6A2}.Debug|Mixed Platforms.Build.0 = Debug|Any CPU
		{61ED4DD5-AE80-4B32-9E9D-5253EEF1B6A2}.Debug|x86.ActiveCfg = Debug|Any CPU
		{61ED4DD5-AE80-4B32-9E9D-5253EEF1B6A2}.Release|Any CPU.ActiveCfg = Release|Any CPU
		{61ED4DD5-AE80-4B32-9E9D-5253EEF1B6A2}.Release|Any CPU.Build.0 = Release|Any CPU
		{61ED4DD5-AE80-4B32-9E9D-5253EEF1B6A2}.Release|Mixed Platforms.ActiveCfg = Release|Any CPU
		{61ED4DD5-AE80-4B32-9E9D-5253EEF1B6A2}.Release|Mixed Platforms.Build.0 = Release|Any CPU
		{61ED4DD5-AE80-4B32-9E9D-5253EEF1B6A2}.Release|x86.ActiveCfg = Release|Any CPU
		{B43DF9E2-4FE7-4483-9534-2E010A6AC9E0}.Debug|Any CPU.ActiveCfg = Debug|Any CPU
		{B43DF9E2-4FE7-4483-9534-2E010A6AC9E0}.Debug|Any CPU.Build.0 = Debug|Any CPU
		{B43DF9E2-4FE7-4483-9534-2E010A6AC9E0}.Debug|Mixed Platforms.ActiveCfg = Debug|Any CPU
		{B43DF9E2-4FE7-4483-9534-2E010A6AC9E0}.Debug|Mixed Platforms.Build.0 = Debug|Any CPU
		{B43DF9E2-4FE7-4483-9534-2E010A6AC9E0}.Debug|x86.ActiveCfg = Debug|Any CPU
		{B43DF9E2-4FE7-4483-9534-2E010A6AC9E0}.Release|Any CPU.ActiveCfg = Release|Any CPU
		{B43DF9E2-4FE7-4483-9534-2E010A6AC9E0}.Release|Any CPU.Build.0 = Release|Any CPU
		{B43DF9E2-4FE7-4483-9534-2E010A6AC9E0}.Release|Mixed Platforms.ActiveCfg = Release|Any CPU
		{B43DF9E2-4FE7-4483-9534-2E010A6AC9E0}.Release|Mixed Platforms.Build.0 = Release|Any CPU
		{B43DF9E2-4FE7-4483-9534-2E010A6AC9E0}.Release|x86.ActiveCfg = Release|Any CPU
		{935B1073-FD46-487D-9CA3-76B98AE8C625}.Debug|Any CPU.ActiveCfg = Debug|Any CPU
		{935B1073-FD46-487D-9CA3-76B98AE8C625}.Debug|Any CPU.Build.0 = Debug|Any CPU
		{935B1073-FD46-487D-9CA3-76B98AE8C625}.Debug|Mixed Platforms.ActiveCfg = Debug|Any CPU
		{935B1073-FD46-487D-9CA3-76B98AE8C625}.Debug|Mixed Platforms.Build.0 = Debug|Any CPU
		{935B1073-FD46-487D-9CA3-76B98AE8C625}.Debug|x86.ActiveCfg = Debug|Any CPU
		{935B1073-FD46-487D-9CA3-76B98AE8C625}.Release|Any CPU.ActiveCfg = Release|Any CPU
		{935B1073-FD46-487D-9CA3-76B98AE8C625}.Release|Any CPU.Build.0 = Release|Any CPU
		{935B1073-FD46-487D-9CA3-76B98AE8C625}.Release|Mixed Platforms.ActiveCfg = Release|Any CPU
		{935B1073-FD46-487D-9CA3-76B98AE8C625}.Release|Mixed Platforms.Build.0 = Release|Any CPU
		{935B1073-FD46-487D-9CA3-76B98AE8C625}.Release|x86.ActiveCfg = Release|Any CPU
		{C034F1C7-D2B1-4C6F-806A-AEF01E314B29}.Debug|Any CPU.ActiveCfg = Debug|Any CPU
		{C034F1C7-D2B1-4C6F-806A-AEF01E314B29}.Debug|Any CPU.Build.0 = Debug|Any CPU
		{C034F1C7-D2B1-4C6F-806A-AEF01E314B29}.Debug|Mixed Platforms.ActiveCfg = Debug|Any CPU
		{C034F1C7-D2B1-4C6F-806A-AEF01E314B29}.Debug|Mixed Platforms.Build.0 = Debug|Any CPU
		{C034F1C7-D2B1-4C6F-806A-AEF01E314B29}.Debug|x86.ActiveCfg = Debug|Any CPU
		{C034F1C7-D2B1-4C6F-806A-AEF01E314B29}.Release|Any CPU.ActiveCfg = Release|Any CPU
		{C034F1C7-D2B1-4C6F-806A-AEF01E314B29}.Release|Any CPU.Build.0 = Release|Any CPU
		{C034F1C7-D2B1-4C6F-806A-AEF01E314B29}.Release|Mixed Platforms.ActiveCfg = Release|Any CPU
		{C034F1C7-D2B1-4C6F-806A-AEF01E314B29}.Release|Mixed Platforms.Build.0 = Release|Any CPU
		{C034F1C7-D2B1-4C6F-806A-AEF01E314B29}.Release|x86.ActiveCfg = Release|Any CPU
	EndGlobalSection
	GlobalSection(SolutionProperties) = preSolution
		HideSolutionNode = FALSE
	EndGlobalSection
	GlobalSection(NestedProjects) = preSolution
		{842546C4-8A37-4D64-9F7F-E19D9992FC38} = {3D969AE9-E8A8-49FC-8F0D-05848A5B0464}
		{2270F4F1-6B8D-4A11-9DFC-92006C0D6351} = {3D969AE9-E8A8-49FC-8F0D-05848A5B0464}
		{462C655D-86D0-4D5A-AE3C-CF0505E2C389} = {3D969AE9-E8A8-49FC-8F0D-05848A5B0464}
		{D6D96860-E339-4E7C-B4D5-CD8C83DAB557} = {3D969AE9-E8A8-49FC-8F0D-05848A5B0464}
		{D6416955-2314-4193-8D7F-8B2DD94B18D6} = {5C6156A6-853D-44AA-A478-062FBF706A12}
		{5BD88F7D-5869-452C-B0CC-4E3CA0C890BD} = {5C6156A6-853D-44AA-A478-062FBF706A12}
		{61ED4DD5-AE80-4B32-9E9D-5253EEF1B6A2} = {5C6156A6-853D-44AA-A478-062FBF706A12}
		{935B1073-FD46-487D-9CA3-76B98AE8C625} = {5C6156A6-853D-44AA-A478-062FBF706A12}
	EndGlobalSection
EndGlobal
